// !$*UTF8*$!
{
	archiveVersion = 1;
	classes = {
	};
	objectVersion = 46;
	objects = {

/* Begin PBXBuildFile section */
		3F9696E91B3455A200CDD77A /* AppDelegate.swift in Sources */ = {isa = PBXBuildFile; fileRef = 3F9696E81B3455A200CDD77A /* AppDelegate.swift */; };
		3F9696EB1B3455A200CDD77A /* ViewController.swift in Sources */ = {isa = PBXBuildFile; fileRef = 3F9696EA1B3455A200CDD77A /* ViewController.swift */; };
		3F9696EE1B3455A200CDD77A /* Main.storyboard in Resources */ = {isa = PBXBuildFile; fileRef = 3F9696EC1B3455A200CDD77A /* Main.storyboard */; };
		3F9696F01B3455A200CDD77A /* Images.xcassets in Resources */ = {isa = PBXBuildFile; fileRef = 3F9696EF1B3455A200CDD77A /* Images.xcassets */; };
		3F9696F31B3455A200CDD77A /* LaunchScreen.xib in Resources */ = {isa = PBXBuildFile; fileRef = 3F9696F11B3455A200CDD77A /* LaunchScreen.xib */; };
		3F9696FF1B3455A200CDD77A /* Simple_Universal_Webview_AppTests.swift in Sources */ = {isa = PBXBuildFile; fileRef = 3F9696FE1B3455A200CDD77A /* Simple_Universal_Webview_AppTests.swift */; };
/* End PBXBuildFile section */

/* Begin PBXContainerItemProxy section */
		3F9696F91B3455A200CDD77A /* PBXContainerItemProxy */ = {
			isa = PBXContainerItemProxy;
			containerPortal = 3F9696DB1B3455A200CDD77A /* Project object */;
			proxyType = 1;
			remoteGlobalIDString = 3F9696E21B3455A200CDD77A;
			remoteInfo = "Simple Universal Webview App";
		};
/* End PBXContainerItemProxy section */

/* Begin PBXFileReference section */
		3F9696E31B3455A200CDD77A /* Simple Universal Webview App.app */ = {isa = PBXFileReference; explicitFileType = wrapper.application; includeInIndex = 0; path = "Simple Universal Webview App.app"; sourceTree = BUILT_PRODUCTS_DIR; };
		3F9696E71B3455A200CDD77A /* Info.plist */ = {isa = PBXFileReference; lastKnownFileType = text.plist.xml; path = Info.plist; sourceTree = "<group>"; };
		3F9696E81B3455A200CDD77A /* AppDelegate.swift */ = {isa = PBXFileReference; lastKnownFileType = sourcecode.swift; path = AppDelegate.swift; sourceTree = "<group>"; };
		3F9696EA1B3455A200CDD77A /* ViewController.swift */ = {isa = PBXFileReference; lastKnownFileType = sourcecode.swift; path = ViewController.swift; sourceTree = "<group>"; };
		3F9696ED1B3455A200CDD77A /* Base */ = {isa = PBXFileReference; lastKnownFileType = file.storyboard; name = Base; path = Base.lproj/Main.storyboard; sourceTree = "<group>"; };
		3F9696EF1B3455A200CDD77A /* Images.xcassets */ = {isa = PBXFileReference; lastKnownFileType = folder.assetcatalog; path = Images.xcassets; sourceTree = "<group>"; };
		3F9696F21B3455A200CDD77A /* Base */ = {isa = PBXFileReference; lastKnownFileType = file.xib; name = Base; path = Base.lproj/LaunchScreen.xib; sourceTree = "<group>"; };
		3F9696F81B3455A200CDD77A /* Simple Universal Webview AppTests.xctest */ = {isa = PBXFileReference; explicitFileType = wrapper.cfbundle; includeInIndex = 0; path = "Simple Universal Webview AppTests.xctest"; sourceTree = BUILT_PRODUCTS_DIR; };
		3F9696FD1B3455A200CDD77A /* Info.plist */ = {isa = PBXFileReference; lastKnownFileType = text.plist.xml; path = Info.plist; sourceTree = "<group>"; };
		3F9696FE1B3455A200CDD77A /* Simple_Universal_Webview_AppTests.swift */ = {isa = PBXFileReference; lastKnownFileType = sourcecode.swift; path = Simple_Universal_Webview_AppTests.swift; sourceTree = "<group>"; };
/* End PBXFileReference section */

/* Begin PBXFrameworksBuildPhase section */
		3F9696E01B3455A200CDD77A /* Frameworks */ = {
			isa = PBXFrameworksBuildPhase;
			buildActionMask = 2147483647;
			files = (
			);
			runOnlyForDeploymentPostprocessing = 0;
		};
		3F9696F51B3455A200CDD77A /* Frameworks */ = {
			isa = PBXFrameworksBuildPhase;
			buildActionMask = 2147483647;
			files = (
			);
			runOnlyForDeploymentPostprocessing = 0;
		};
/* End PBXFrameworksBuildPhase section */

/* Begin PBXGroup section */
		3F9696DA1B3455A200CDD77A = {
			isa = PBXGroup;
			children = (
				3F9696E51B3455A200CDD77A /* Simple Universal Webview App */,
				3F9696FB1B3455A200CDD77A /* Simple Universal Webview AppTests */,
				3F9696E41B3455A200CDD77A /* Products */,
			);
			sourceTree = "<group>";
		};
		3F9696E41B3455A200CDD77A /* Products */ = {
			isa = PBXGroup;
			children = (
				3F9696E31B3455A200CDD77A /* Simple Universal Webview App.app */,
				3F9696F81B3455A200CDD77A /* Simple Universal Webview AppTests.xctest */,
			);
			name = Products;
			sourceTree = "<group>";
		};
		3F9696E51B3455A200CDD77A /* Simple Universal Webview App */ = {
			isa = PBXGroup;
			children = (
				3F9696E81B3455A200CDD77A /* AppDelegate.swift */,
				3F9696EA1B3455A200CDD77A /* ViewController.swift */,
				3F9696EC1B3455A200CDD77A /* Main.storyboard */,
				3F9696EF1B3455A200CDD77A /* Images.xcassets */,
				3F9696F11B3455A200CDD77A /* LaunchScreen.xib */,
				3F9696E61B3455A200CDD77A /* Supporting Files */,
			);
			path = "Simple Universal Webview App";
			sourceTree = "<group>";
		};
		3F9696E61B3455A200CDD77A /* Supporting Files */ = {
			isa = PBXGroup;
			children = (
				3F9696E71B3455A200CDD77A /* Info.plist */,
			);
			name = "Supporting Files";
			sourceTree = "<group>";
		};
		3F9696FB1B3455A200CDD77A /* Simple Universal Webview AppTests */ = {
			isa = PBXGroup;
			children = (
				3F9696FE1B3455A200CDD77A /* Simple_Universal_Webview_AppTests.swift */,
				3F9696FC1B3455A200CDD77A /* Supporting Files */,
			);
			path = "Simple Universal Webview AppTests";
			sourceTree = "<group>";
		};
		3F9696FC1B3455A200CDD77A /* Supporting Files */ = {
			isa = PBXGroup;
			children = (
				3F9696FD1B3455A200CDD77A /* Info.plist */,
			);
			name = "Supporting Files";
			sourceTree = "<group>";
		};
/* End PBXGroup section */

/* Begin PBXNativeTarget section */
		3F9696E21B3455A200CDD77A /* Simple Universal Webview App */ = {
			isa = PBXNativeTarget;
			buildConfigurationList = 3F9697021B3455A200CDD77A /* Build configuration list for PBXNativeTarget "Simple Universal Webview App" */;
			buildPhases = (
				3F9696DF1B3455A200CDD77A /* Sources */,
				3F9696E01B3455A200CDD77A /* Frameworks */,
				3F9696E11B3455A200CDD77A /* Resources */,
			);
			buildRules = (
			);
			dependencies = (
			);
			name = "Simple Universal Webview App";
			productName = "Simple Universal Webview App";
			productReference = 3F9696E31B3455A200CDD77A /* Simple Universal Webview App.app */;
			productType = "com.apple.product-type.application";
		};
		3F9696F71B3455A200CDD77A /* Simple Universal Webview AppTests */ = {
			isa = PBXNativeTarget;
			buildConfigurationList = 3F9697051B3455A200CDD77A /* Build configuration list for PBXNativeTarget "Simple Universal Webview AppTests" */;
			buildPhases = (
				3F9696F41B3455A200CDD77A /* Sources */,
				3F9696F51B3455A200CDD77A /* Frameworks */,
				3F9696F61B3455A200CDD77A /* Resources */,
			);
			buildRules = (
			);
			dependencies = (
				3F9696FA1B3455A200CDD77A /* PBXTargetDependency */,
			);
			name = "Simple Universal Webview AppTests";
			productName = "Simple Universal Webview AppTests";
			productReference = 3F9696F81B3455A200CDD77A /* Simple Universal Webview AppTests.xctest */;
			productType = "com.apple.product-type.bundle.unit-test";
		};
/* End PBXNativeTarget section */

/* Begin PBXProject section */
		3F9696DB1B3455A200CDD77A /* Project object */ = {
			isa = PBXProject;
			attributes = {
				LastUpgradeCheck = 0630;
				ORGANIZATIONNAME = "Freeman Industries";
				TargetAttributes = {
					3F9696E21B3455A200CDD77A = {
						CreatedOnToolsVersion = 6.3.2;
					};
					3F9696F71B3455A200CDD77A = {
						CreatedOnToolsVersion = 6.3.2;
						TestTargetID = 3F9696E21B3455A200CDD77A;
					};
				};
			};
			buildConfigurationList = 3F9696DE1B3455A200CDD77A /* Build configuration list for PBXProject "Simple Universal Webview App" */;
			compatibilityVersion = "Xcode 3.2";
			developmentRegion = English;
			hasScannedForEncodings = 0;
			knownRegions = (
				en,
				Base,
			);
			mainGroup = 3F9696DA1B3455A200CDD77A;
			productRefGroup = 3F9696E41B3455A200CDD77A /* Products */;
			projectDirPath = "";
			projectRoot = "";
			targets = (
				3F9696E21B3455A200CDD77A /* Simple Universal Webview App */,
				3F9696F71B3455A200CDD77A /* Simple Universal Webview AppTests */,
			);
		};
/* End PBXProject section */

/* Begin PBXResourcesBuildPhase section */
		3F9696E11B3455A200CDD77A /* Resources */ = {
			isa = PBXResourcesBuildPhase;
			buildActionMask = 2147483647;
			files = (
				3F9696EE1B3455A200CDD77A /* Main.storyboard in Resources */,
				3F9696F31B3455A200CDD77A /* LaunchScreen.xib in Resources */,
				3F9696F01B3455A200CDD77A /* Images.xcassets in Resources */,
			);
			runOnlyForDeploymentPostprocessing = 0;
		};
		3F9696F61B3455A200CDD77A /* Resources */ = {
			isa = PBXResourcesBuildPhase;
			buildActionMask = 2147483647;
			files = (
			);
			runOnlyForDeploymentPostprocessing = 0;
		};
/* End PBXResourcesBuildPhase section */

/* Begin PBXSourcesBuildPhase section */
		3F9696DF1B3455A200CDD77A /* Sources */ = {
			isa = PBXSourcesBuildPhase;
			buildActionMask = 2147483647;
			files = (
				3F9696EB1B3455A200CDD77A /* ViewController.swift in Sources */,
				3F9696E91B3455A200CDD77A /* AppDelegate.swift in Sources */,
			);
			runOnlyForDeploymentPostprocessing = 0;
		};
		3F9696F41B3455A200CDD77A /* Sources */ = {
			isa = PBXSourcesBuildPhase;
			buildActionMask = 2147483647;
			files = (
				3F9696FF1B3455A200CDD77A /* Simple_Universal_Webview_AppTests.swift in Sources */,
			);
			runOnlyForDeploymentPostprocessing = 0;
		};
/* End PBXSourcesBuildPhase section */

/* Begin PBXTargetDependency section */
		3F9696FA1B3455A200CDD77A /* PBXTargetDependency */ = {
			isa = PBXTargetDependency;
			target = 3F9696E21B3455A200CDD77A /* Simple Universal Webview App */;
			targetProxy = 3F9696F91B3455A200CDD77A /* PBXContainerItemProxy */;
		};
/* End PBXTargetDependency section */

/* Begin PBXVariantGroup section */
		3F9696EC1B3455A200CDD77A /* Main.storyboard */ = {
			isa = PBXVariantGroup;
			children = (
				3F9696ED1B3455A200CDD77A /* Base */,
			);
			name = Main.storyboard;
			sourceTree = "<group>";
		};
		3F9696F11B3455A200CDD77A /* LaunchScreen.xib */ = {
			isa = PBXVariantGroup;
			children = (
				3F9696F21B3455A200CDD77A /* Base */,
			);
			name = LaunchScreen.xib;
			sourceTree = "<group>";
		};
/* End PBXVariantGroup section */

/* Begin XCBuildConfiguration section */
		3F9697001B3455A200CDD77A /* Debug */ = {
			isa = XCBuildConfiguration;
			buildSettings = {
				ALWAYS_SEARCH_USER_PATHS = NO;
				CLANG_CXX_LANGUAGE_STANDARD = "gnu++0x";
				CLANG_CXX_LIBRARY = "libc++";
				CLANG_ENABLE_MODULES = YES;
				CLANG_ENABLE_OBJC_ARC = YES;
				CLANG_WARN_BOOL_CONVERSION = YES;
				CLANG_WARN_CONSTANT_CONVERSION = YES;
				CLANG_WARN_DIRECT_OBJC_ISA_USAGE = YES_ERROR;
				CLANG_WARN_EMPTY_BODY = YES;
				CLANG_WARN_ENUM_CONVERSION = YES;
				CLANG_WARN_INT_CONVERSION = YES;
				CLANG_WARN_OBJC_ROOT_CLASS = YES_ERROR;
				CLANG_WARN_UNREACHABLE_CODE = YES;
				CLANG_WARN__DUPLICATE_METHOD_MATCH = YES;
				"CODE_SIGN_IDENTITY[sdk=iphoneos*]" = "iPhone Developer";
				COPY_PHASE_STRIP = NO;
				DEBUG_INFORMATION_FORMAT = "dwarf-with-dsym";
				ENABLE_STRICT_OBJC_MSGSEND = YES;
				GCC_C_LANGUAGE_STANDARD = gnu99;
				GCC_DYNAMIC_NO_PIC = NO;
				GCC_NO_COMMON_BLOCKS = YES;
				GCC_OPTIMIZATION_LEVEL = 0;
				GCC_PREPROCESSOR_DEFINITIONS = (
					"DEBUG=1",
					"$(inherited)",
				);
				GCC_SYMBOLS_PRIVATE_EXTERN = NO;
				GCC_WARN_64_TO_32_BIT_CONVERSION = YES;
				GCC_WARN_ABOUT_RETURN_TYPE = YES_ERROR;
				GCC_WARN_UNDECLARED_SELECTOR = YES;
				GCC_WARN_UNINITIALIZED_AUTOS = YES_AGGRESSIVE;
				GCC_WARN_UNUSED_FUNCTION = YES;
				GCC_WARN_UNUSED_VARIABLE = YES;
				IPHONEOS_DEPLOYMENT_TARGET = 8.3;
				MTL_ENABLE_DEBUG_INFO = YES;
				ONLY_ACTIVE_ARCH = YES;
				SDKROOT = iphoneos;
				SWIFT_OPTIMIZATION_LEVEL = "-Onone";
				TARGETED_DEVICE_FAMILY = "1,2";
			};
			name = Debug;
		};
		3F9697011B3455A200CDD77A /* Release */ = {
			isa = XCBuildConfiguration;
			buildSettings = {
				ALWAYS_SEARCH_USER_PATHS = NO;
				CLANG_CXX_LANGUAGE_STANDARD = "gnu++0x";
				CLANG_CXX_LIBRARY = "libc++";
				CLANG_ENABLE_MODULES = YES;
				CLANG_ENABLE_OBJC_ARC = YES;
				CLANG_WARN_BOOL_CONVERSION = YES;
				CLANG_WARN_CONSTANT_CONVERSION = YES;
				CLANG_WARN_DIRECT_OBJC_ISA_USAGE = YES_ERROR;
				CLANG_WARN_EMPTY_BODY = YES;
				CLANG_WARN_ENUM_CONVERSION = YES;
				CLANG_WARN_INT_CONVERSION = YES;
				CLANG_WARN_OBJC_ROOT_CLASS = YES_ERROR;
				CLANG_WARN_UNREACHABLE_CODE = YES;
				CLANG_WARN__DUPLICATE_METHOD_MATCH = YES;
				"CODE_SIGN_IDENTITY[sdk=iphoneos*]" = "iPhone Developer";
				COPY_PHASE_STRIP = NO;
				DEBUG_INFORMATION_FORMAT = "dwarf-with-dsym";
				ENABLE_NS_ASSERTIONS = NO;
				ENABLE_STRICT_OBJC_MSGSEND = YES;
				GCC_C_LANGUAGE_STANDARD = gnu99;
				GCC_NO_COMMON_BLOCKS = YES;
				GCC_WARN_64_TO_32_BIT_CONVERSION = YES;
				GCC_WARN_ABOUT_RETURN_TYPE = YES_ERROR;
				GCC_WARN_UNDECLARED_SELECTOR = YES;
				GCC_WARN_UNINITIALIZED_AUTOS = YES_AGGRESSIVE;
				GCC_WARN_UNUSED_FUNCTION = YES;
				GCC_WARN_UNUSED_VARIABLE = YES;
				IPHONEOS_DEPLOYMENT_TARGET = 8.3;
				MTL_ENABLE_DEBUG_INFO = NO;
				SDKROOT = iphoneos;
				TARGETED_DEVICE_FAMILY = "1,2";
				VALIDATE_PRODUCT = YES;
			};
			name = Release;
		};
		3F9697031B3455A200CDD77A /* Debug */ = {
			isa = XCBuildConfiguration;
			buildSettings = {
				ASSETCATALOG_COMPILER_APPICON_NAME = AppIcon;
				INFOPLIST_FILE = "Simple Universal Webview App/Info.plist";
				LD_RUNPATH_SEARCH_PATHS = "$(inherited) @executable_path/Frameworks";
				PRODUCT_NAME = "$(TARGET_NAME)";
			};
			name = Debug;
		};
		3F9697041B3455A200CDD77A /* Release */ = {
			isa = XCBuildConfiguration;
			buildSettings = {
				ASSETCATALOG_COMPILER_APPICON_NAME = AppIcon;
				INFOPLIST_FILE = "Simple Universal Webview App/Info.plist";
				LD_RUNPATH_SEARCH_PATHS = "$(inherited) @executable_path/Frameworks";
				PRODUCT_NAME = "$(TARGET_NAME)";
			};
			name = Release;
		};
		3F9697061B3455A200CDD77A /* Debug */ = {
			isa = XCBuildConfiguration;
			buildSettings = {
				BUNDLE_LOADER = "$(TEST_HOST)";
				FRAMEWORK_SEARCH_PATHS = (
					"$(SDKROOT)/Developer/Library/Frameworks",
					"$(inherited)",
				);
				GCC_PREPROCESSOR_DEFINITIONS = (
					"DEBUG=1",
					"$(inherited)",
				);
				INFOPLIST_FILE = "Simple Universal Webview AppTests/Info.plist";
				LD_RUNPATH_SEARCH_PATHS = "$(inherited) @executable_path/Frameworks @loader_path/Frameworks";
				PRODUCT_NAME = "$(TARGET_NAME)";
				TEST_HOST = "$(BUILT_PRODUCTS_DIR)/Simple Universal Webview App.app/Simple Universal Webview App";
			};
			name = Debug;
		};
		3F9697071B3455A200CDD77A /* Release */ = {
			isa = XCBuildConfiguration;
			buildSettings = {
				BUNDLE_LOADER = "$(TEST_HOST)";
				FRAMEWORK_SEARCH_PATHS = (
					"$(SDKROOT)/Developer/Library/Frameworks",
					"$(inherited)",
				);
				INFOPLIST_FILE = "Simple Universal Webview AppTests/Info.plist";
				LD_RUNPATH_SEARCH_PATHS = "$(inherited) @executable_path/Frameworks @loader_path/Frameworks";
				PRODUCT_NAME = "$(TARGET_NAME)";
				TEST_HOST = "$(BUILT_PRODUCTS_DIR)/Simple Universal Webview App.app/Simple Universal Webview App";
			};
			name = Release;
		};
/* End XCBuildConfiguration section */

/* Begin XCConfigurationList section */
		3F9696DE1B3455A200CDD77A /* Build configuration list for PBXProject "Simple Universal Webview App" */ = {
			isa = XCConfigurationList;
			buildConfigurations = (
				3F9697001B3455A200CDD77A /* Debug */,
				3F9697011B3455A200CDD77A /* Release */,
			);
			defaultConfigurationIsVisible = 0;
			defaultConfigurationName = Release;
		};
		3F9697021B3455A200CDD77A /* Build configuration list for PBXNativeTarget "Simple Universal Webview App" */ = {
			isa = XCConfigurationList;
			buildConfigurations = (
				3F9697031B3455A200CDD77A /* Debug */,
				3F9697041B3455A200CDD77A /* Release */,
			);
			defaultConfigurationIsVisible = 0;
		};
		3F9697051B3455A200CDD77A /* Build configuration list for PBXNativeTarget "Simple Universal Webview AppTests" */ = {
			isa = XCConfigurationList;
			buildConfigurations = (
				3F9697061B3455A200CDD77A /* Debug */,
				3F9697071B3455A200CDD77A /* Release */,
			);
			defaultConfigurationIsVisible = 0;
		};
/* End XCConfigurationList section */
	};
	rootObject = 3F9696DB1B3455A200CDD77A /* Project object */;
}
